// !$*UTF8*$!
{
	archiveVersion = 1;
	classes = {
	};
	objectVersion = 50;
	objects = {

/* Begin PBXBuildFile section */
		3165F1B3223B794D00B6AF2C /* AppDelegate.m in Sources */ = {isa = PBXBuildFile; fileRef = 3165F1B2223B794D00B6AF2C /* AppDelegate.m */; };
		3165F1B6223B794D00B6AF2C /* ViewController.m in Sources */ = {isa = PBXBuildFile; fileRef = 3165F1B5223B794D00B6AF2C /* ViewController.m */; };
		3165F1B9223B794D00B6AF2C /* Main.storyboard in Resources */ = {isa = PBXBuildFile; fileRef = 3165F1B7223B794D00B6AF2C /* Main.storyboard */; };
		3165F1BB223B794D00B6AF2C /* Assets.xcassets in Resources */ = {isa = PBXBuildFile; fileRef = 3165F1BA223B794D00B6AF2C /* Assets.xcassets */; };
		3165F1BE223B794D00B6AF2C /* LaunchScreen.storyboard in Resources */ = {isa = PBXBuildFile; fileRef = 3165F1BC223B794D00B6AF2C /* LaunchScreen.storyboard */; };
		3165F1C1223B794D00B6AF2C /* main.m in Sources */ = {isa = PBXBuildFile; fileRef = 3165F1C0223B794D00B6AF2C /* main.m */; };
		3165F212223B872800B6AF2C /* AcmeToolbar.m in Sources */ = {isa = PBXBuildFile; fileRef = 3165F20C223B872800B6AF2C /* AcmeToolbar.m */; };
		3165F213223B872800B6AF2C /* AcmeMainButton.m in Sources */ = {isa = PBXBuildFile; fileRef = 3165F20F223B872800B6AF2C /* AcmeMainButton.m */; };
		3165F214223B872800B6AF2C /* AcmeView.m in Sources */ = {isa = PBXBuildFile; fileRef = 3165F210223B872800B6AF2C /* AcmeView.m */; };
		3165F21B223B873600B6AF2C /* SierraMainButton.m in Sources */ = {isa = PBXBuildFile; fileRef = 3165F217223B873500B6AF2C /* SierraMainButton.m */; };
		3165F21C223B873600B6AF2C /* SierraView.m in Sources */ = {isa = PBXBuildFile; fileRef = 3165F218223B873500B6AF2C /* SierraView.m */; };
		3165F21D223B873600B6AF2C /* SierraToolbar.m in Sources */ = {isa = PBXBuildFile; fileRef = 3165F219223B873500B6AF2C /* SierraToolbar.m */; };
		3165F220223B874400B6AF2C /* BrandingFactory.m in Sources */ = {isa = PBXBuildFile; fileRef = 3165F21F223B874400B6AF2C /* BrandingFactory.m */; };
		3165F223223B875000B6AF2C /* AcmeBrandingFactory.m in Sources */ = {isa = PBXBuildFile; fileRef = 3165F221223B875000B6AF2C /* AcmeBrandingFactory.m */; };
		3165F226223B875900B6AF2C /* SierraBrandingFactory.m in Sources */ = {isa = PBXBuildFile; fileRef = 3165F224223B875900B6AF2C /* SierraBrandingFactory.m */; };
/* End PBXBuildFile section */

/* Begin PBXFileReference section */
		3165F1AE223B794D00B6AF2C /* AbstractFactory.app */ = {isa = PBXFileReference; explicitFileType = wrapper.application; includeInIndex = 0; path = AbstractFactory.app; sourceTree = BUILT_PRODUCTS_DIR; };
		3165F1B1223B794D00B6AF2C /* AppDelegate.h */ = {isa = PBXFileReference; lastKnownFileType = sourcecode.c.h; path = AppDelegate.h; sourceTree = "<group>"; };
		3165F1B2223B794D00B6AF2C /* AppDelegate.m */ = {isa = PBXFileReference; lastKnownFileType = sourcecode.c.objc; path = AppDelegate.m; sourceTree = "<group>"; };
		3165F1B4223B794D00B6AF2C /* ViewController.h */ = {isa = PBXFileReference; lastKnownFileType = sourcecode.c.h; path = ViewController.h; sourceTree = "<group>"; };
		3165F1B5223B794D00B6AF2C /* ViewController.m */ = {isa = PBXFileReference; lastKnownFileType = sourcecode.c.objc; path = ViewController.m; sourceTree = "<group>"; };
		3165F1B8223B794D00B6AF2C /* Base */ = {isa = PBXFileReference; lastKnownFileType = file.storyboard; name = Base; path = Base.lproj/Main.storyboard; sourceTree = "<group>"; };
		3165F1BA223B794D00B6AF2C /* Assets.xcassets */ = {isa = PBXFileReference; lastKnownFileType = folder.assetcatalog; path = Assets.xcassets; sourceTree = "<group>"; };
		3165F1BD223B794D00B6AF2C /* Base */ = {isa = PBXFileReference; lastKnownFileType = file.storyboard; name = Base; path = Base.lproj/LaunchScreen.storyboard; sourceTree = "<group>"; };
		3165F1BF223B794D00B6AF2C /* Info.plist */ = {isa = PBXFileReference; lastKnownFileType = text.plist.xml; path = Info.plist; sourceTree = "<group>"; };
		3165F1C0223B794D00B6AF2C /* main.m */ = {isa = PBXFileReference; lastKnownFileType = sourcecode.c.objc; path = main.m; sourceTree = "<group>"; };
		3165F1E7223B822600B6AF2C /* PrefixHeader.pch */ = {isa = PBXFileReference; fileEncoding = 4; lastKnownFileType = sourcecode.c.h; path = PrefixHeader.pch; sourceTree = "<group>"; };
		3165F20C223B872800B6AF2C /* AcmeToolbar.m */ = {isa = PBXFileReference; fileEncoding = 4; lastKnownFileType = sourcecode.c.objc; path = AcmeToolbar.m; sourceTree = "<group>"; };
		3165F20D223B872800B6AF2C /* AcmeToolbar.h */ = {isa = PBXFileReference; fileEncoding = 4; lastKnownFileType = sourcecode.c.h; path = AcmeToolbar.h; sourceTree = "<group>"; };
		3165F20E223B872800B6AF2C /* AcmeView.h */ = {isa = PBXFileReference; fileEncoding = 4; lastKnownFileType = sourcecode.c.h; path = AcmeView.h; sourceTree = "<group>"; };
		3165F20F223B872800B6AF2C /* AcmeMainButton.m */ = {isa = PBXFileReference; fileEncoding = 4; lastKnownFileType = sourcecode.c.objc; path = AcmeMainButton.m; sourceTree = "<group>"; };
		3165F210223B872800B6AF2C /* AcmeView.m */ = {isa = PBXFileReference; fileEncoding = 4; lastKnownFileType = sourcecode.c.objc; path = AcmeView.m; sourceTree = "<group>"; };
		3165F211223B872800B6AF2C /* AcmeMainButton.h */ = {isa = PBXFileReference; fileEncoding = 4; lastKnownFileType = sourcecode.c.h; path = AcmeMainButton.h; sourceTree = "<group>"; };
		3165F215223B873500B6AF2C /* SierraToolbar.h */ = {isa = PBXFileReference; fileEncoding = 4; lastKnownFileType = sourcecode.c.h; path = SierraToolbar.h; sourceTree = "<group>"; };
		3165F216223B873500B6AF2C /* SierraMainButton.h */ = {isa = PBXFileReference; fileEncoding = 4; lastKnownFileType = sourcecode.c.h; path = SierraMainButton.h; sourceTree = "<group>"; };
		3165F217223B873500B6AF2C /* SierraMainButton.m */ = {isa = PBXFileReference; fileEncoding = 4; lastKnownFileType = sourcecode.c.objc; path = SierraMainButton.m; sourceTree = "<group>"; };
		3165F218223B873500B6AF2C /* SierraView.m */ = {isa = PBXFileReference; fileEncoding = 4; lastKnownFileType = sourcecode.c.objc; path = SierraView.m; sourceTree = "<group>"; };
		3165F219223B873500B6AF2C /* SierraToolbar.m */ = {isa = PBXFileReference; fileEncoding = 4; lastKnownFileType = sourcecode.c.objc; path = SierraToolbar.m; sourceTree = "<group>"; };
		3165F21A223B873600B6AF2C /* SierraView.h */ = {isa = PBXFileReference; fileEncoding = 4; lastKnownFileType = sourcecode.c.h; path = SierraView.h; sourceTree = "<group>"; };
		3165F21E223B874400B6AF2C /* BrandingFactory.h */ = {isa = PBXFileReference; fileEncoding = 4; lastKnownFileType = sourcecode.c.h; path = BrandingFactory.h; sourceTree = "<group>"; };
		3165F21F223B874400B6AF2C /* BrandingFactory.m */ = {isa = PBXFileReference; fileEncoding = 4; lastKnownFileType = sourcecode.c.objc; path = BrandingFactory.m; sourceTree = "<group>"; };
		3165F221223B875000B6AF2C /* AcmeBrandingFactory.m */ = {isa = PBXFileReference; fileEncoding = 4; lastKnownFileType = sourcecode.c.objc; path = AcmeBrandingFactory.m; sourceTree = "<group>"; };
		3165F222223B875000B6AF2C /* AcmeBrandingFactory.h */ = {isa = PBXFileReference; fileEncoding = 4; lastKnownFileType = sourcecode.c.h; path = AcmeBrandingFactory.h; sourceTree = "<group>"; };
		3165F224223B875900B6AF2C /* SierraBrandingFactory.m */ = {isa = PBXFileReference; fileEncoding = 4; lastKnownFileType = sourcecode.c.objc; path = SierraBrandingFactory.m; sourceTree = "<group>"; };
		3165F225223B875900B6AF2C /* SierraBrandingFactory.h */ = {isa = PBXFileReference; fileEncoding = 4; lastKnownFileType = sourcecode.c.h; path = SierraBrandingFactory.h; sourceTree = "<group>"; };
/* End PBXFileReference section */

/* Begin PBXFrameworksBuildPhase section */
		3165F1AB223B794D00B6AF2C /* Frameworks */ = {
			isa = PBXFrameworksBuildPhase;
			buildActionMask = 2147483647;
			files = (
			);
			runOnlyForDeploymentPostprocessing = 0;
		};
/* End PBXFrameworksBuildPhase section */

/* Begin PBXGroup section */
		3165F1A5223B794D00B6AF2C = {
			isa = PBXGroup;
			children = (
				3165F1B0223B794D00B6AF2C /* AbstractFactory */,
				3165F1AF223B794D00B6AF2C /* Products */,
			);
			sourceTree = "<group>";
		};
		3165F1AF223B794D00B6AF2C /* Products */ = {
			isa = PBXGroup;
			children = (
				3165F1AE223B794D00B6AF2C /* AbstractFactory.app */,
			);
			name = Products;
			sourceTree = "<group>";
		};
		3165F1B0223B794D00B6AF2C /* AbstractFactory */ = {
			isa = PBXGroup;
			children = (
				3165F207223B86CD00B6AF2C /* Branding Products */,
				3165F203223B86A300B6AF2C /* Branding Factories */,
				3165F1B1223B794D00B6AF2C /* AppDelegate.h */,
				3165F1B2223B794D00B6AF2C /* AppDelegate.m */,
				3165F1B4223B794D00B6AF2C /* ViewController.h */,
				3165F1B5223B794D00B6AF2C /* ViewController.m */,
				3165F1B7223B794D00B6AF2C /* Main.storyboard */,
				3165F1BA223B794D00B6AF2C /* Assets.xcassets */,
				3165F1BC223B794D00B6AF2C /* LaunchScreen.storyboard */,
				3165F1BF223B794D00B6AF2C /* Info.plist */,
				3165F1C0223B794D00B6AF2C /* main.m */,
				3165F1E7223B822600B6AF2C /* PrefixHeader.pch */,
			);
			path = AbstractFactory;
			sourceTree = "<group>";
		};
		3165F203223B86A300B6AF2C /* Branding Factories */ = {
			isa = PBXGroup;
			children = (
				3165F21E223B874400B6AF2C /* BrandingFactory.h */,
				3165F21F223B874400B6AF2C /* BrandingFactory.m */,
				3165F209223B86F000B6AF2C /* Acme */,
				3165F208223B86E600B6AF2C /* Sierra */,
			);
			name = "Branding Factories";
			sourceTree = "<group>";
		};
		3165F207223B86CD00B6AF2C /* Branding Products */ = {
			isa = PBXGroup;
			children = (
				3165F20B223B870C00B6AF2C /* Acme */,
				3165F20A223B870200B6AF2C /* Sierra */,
			);
			name = "Branding Products";
			sourceTree = "<group>";
		};
		3165F208223B86E600B6AF2C /* Sierra */ = {
			isa = PBXGroup;
			children = (
				3165F225223B875900B6AF2C /* SierraBrandingFactory.h */,
				3165F224223B875900B6AF2C /* SierraBrandingFactory.m */,
			);
			name = Sierra;
			sourceTree = "<group>";
		};
		3165F209223B86F000B6AF2C /* Acme */ = {
			isa = PBXGroup;
			children = (
				3165F222223B875000B6AF2C /* AcmeBrandingFactory.h */,
				3165F221223B875000B6AF2C /* AcmeBrandingFactory.m */,
			);
			name = Acme;
			sourceTree = "<group>";
		};
		3165F20A223B870200B6AF2C /* Sierra */ = {
			isa = PBXGroup;
			children = (
				3165F216223B873500B6AF2C /* SierraMainButton.h */,
				3165F217223B873500B6AF2C /* SierraMainButton.m */,
				3165F215223B873500B6AF2C /* SierraToolbar.h */,
				3165F219223B873500B6AF2C /* SierraToolbar.m */,
				3165F21A223B873600B6AF2C /* SierraView.h */,
				3165F218223B873500B6AF2C /* SierraView.m */,
			);
			name = Sierra;
			sourceTree = "<group>";
		};
		3165F20B223B870C00B6AF2C /* Acme */ = {
			isa = PBXGroup;
			children = (
				3165F211223B872800B6AF2C /* AcmeMainButton.h */,
				3165F20F223B872800B6AF2C /* AcmeMainButton.m */,
				3165F20D223B872800B6AF2C /* AcmeToolbar.h */,
				3165F20C223B872800B6AF2C /* AcmeToolbar.m */,
				3165F20E223B872800B6AF2C /* AcmeView.h */,
				3165F210223B872800B6AF2C /* AcmeView.m */,
			);
			name = Acme;
			sourceTree = "<group>";
		};
/* End PBXGroup section */

/* Begin PBXNativeTarget section */
		3165F1AD223B794D00B6AF2C /* AbstractFactory */ = {
			isa = PBXNativeTarget;
			buildConfigurationList = 3165F1C4223B794D00B6AF2C /* Build configuration list for PBXNativeTarget "AbstractFactory" */;
			buildPhases = (
				3165F1AA223B794D00B6AF2C /* Sources */,
				3165F1AB223B794D00B6AF2C /* Frameworks */,
				3165F1AC223B794D00B6AF2C /* Resources */,
			);
			buildRules = (
			);
			dependencies = (
			);
			name = AbstractFactory;
			productName = AbstractFactory;
			productReference = 3165F1AE223B794D00B6AF2C /* AbstractFactory.app */;
			productType = "com.apple.product-type.application";
		};
/* End PBXNativeTarget section */

/* Begin PBXProject section */
		3165F1A6223B794D00B6AF2C /* Project object */ = {
			isa = PBXProject;
			attributes = {
				LastUpgradeCheck = 1010;
				ORGANIZATIONNAME = Franky;
				TargetAttributes = {
					3165F1AD223B794D00B6AF2C = {
						CreatedOnToolsVersion = 10.1;
					};
				};
			};
			buildConfigurationList = 3165F1A9223B794D00B6AF2C /* Build configuration list for PBXProject "AbstractFactory" */;
			compatibilityVersion = "Xcode 9.3";
			developmentRegion = en;
			hasScannedForEncodings = 0;
			knownRegions = (
				en,
				Base,
			);
			mainGroup = 3165F1A5223B794D00B6AF2C;
			productRefGroup = 3165F1AF223B794D00B6AF2C /* Products */;
			projectDirPath = "";
			projectRoot = "";
			targets = (
				3165F1AD223B794D00B6AF2C /* AbstractFactory */,
			);
		};
/* End PBXProject section */

/* Begin PBXResourcesBuildPhase section */
		3165F1AC223B794D00B6AF2C /* Resources */ = {
			isa = PBXResourcesBuildPhase;
			buildActionMask = 2147483647;
			files = (
				3165F1BE223B794D00B6AF2C /* LaunchScreen.storyboard in Resources */,
				3165F1BB223B794D00B6AF2C /* Assets.xcassets in Resources */,
				3165F1B9223B794D00B6AF2C /* Main.storyboard in Resources */,
			);
			runOnlyForDeploymentPostprocessing = 0;
		};
/* End PBXResourcesBuildPhase section */

/* Begin PBXSourcesBuildPhase section */
		3165F1AA223B794D00B6AF2C /* Sources */ = {
			isa = PBXSourcesBuildPhase;
			buildActionMask = 2147483647;
			files = (
				3165F223223B875000B6AF2C /* AcmeBrandingFactory.m in Sources */,
				3165F226223B875900B6AF2C /* SierraBrandingFactory.m in Sources */,
				3165F21C223B873600B6AF2C /* SierraView.m in Sources */,
				3165F1B6223B794D00B6AF2C /* ViewController.m in Sources */,
				3165F212223B872800B6AF2C /* AcmeToolbar.m in Sources */,
				3165F214223B872800B6AF2C /* AcmeView.m in Sources */,
				3165F21D223B873600B6AF2C /* SierraToolbar.m in Sources */,
				3165F220223B874400B6AF2C /* BrandingFactory.m in Sources */,
				3165F1C1223B794D00B6AF2C /* main.m in Sources */,
				3165F213223B872800B6AF2C /* AcmeMainButton.m in Sources */,
				3165F1B3223B794D00B6AF2C /* AppDelegate.m in Sources */,
				3165F21B223B873600B6AF2C /* SierraMainButton.m in Sources */,
			);
			runOnlyForDeploymentPostprocessing = 0;
		};
/* End PBXSourcesBuildPhase section */

/* Begin PBXVariantGroup section */
		3165F1B7223B794D00B6AF2C /* Main.storyboard */ = {
			isa = PBXVariantGroup;
			children = (
				3165F1B8223B794D00B6AF2C /* Base */,
			);
			name = Main.storyboard;
			sourceTree = "<group>";
		};
		3165F1BC223B794D00B6AF2C /* LaunchScreen.storyboard */ = {
			isa = PBXVariantGroup;
			children = (
				3165F1BD223B794D00B6AF2C /* Base */,
			);
			name = LaunchScreen.storyboard;
			sourceTree = "<group>";
		};
/* End PBXVariantGroup section */

/* Begin XCBuildConfiguration section */
		3165F1C2223B794D00B6AF2C /* Debug */ = {
			isa = XCBuildConfiguration;
			buildSettings = {
				ALWAYS_SEARCH_USER_PATHS = NO;
				CLANG_ANALYZER_NONNULL = YES;
				CLANG_ANALYZER_NUMBER_OBJECT_CONVERSION = YES_AGGRESSIVE;
				CLANG_CXX_LANGUAGE_STANDARD = "gnu++14";
				CLANG_CXX_LIBRARY = "libc++";
				CLANG_ENABLE_MODULES = YES;
				CLANG_ENABLE_OBJC_ARC = YES;
				CLANG_ENABLE_OBJC_WEAK = YES;
				CLANG_WARN_BLOCK_CAPTURE_AUTORELEASING = YES;
				CLANG_WARN_BOOL_CONVERSION = YES;
				CLANG_WARN_COMMA = YES;
				CLANG_WARN_CONSTANT_CONVERSION = YES;
				CLANG_WARN_DEPRECATED_OBJC_IMPLEMENTATIONS = YES;
				CLANG_WARN_DIRECT_OBJC_ISA_USAGE = YES_ERROR;
				CLANG_WARN_DOCUMENTATION_COMMENTS = YES;
				CLANG_WARN_EMPTY_BODY = YES;
				CLANG_WARN_ENUM_CONVERSION = YES;
				CLANG_WARN_INFINITE_RECURSION = YES;
				CLANG_WARN_INT_CONVERSION = YES;
				CLANG_WARN_NON_LITERAL_NULL_CONVERSION = YES;
				CLANG_WARN_OBJC_IMPLICIT_RETAIN_SELF = YES;
				CLANG_WARN_OBJC_LITERAL_CONVERSION = YES;
				CLANG_WARN_OBJC_ROOT_CLASS = YES_ERROR;
				CLANG_WARN_RANGE_LOOP_ANALYSIS = YES;
				CLANG_WARN_STRICT_PROTOTYPES = YES;
				CLANG_WARN_SUSPICIOUS_MOVE = YES;
				CLANG_WARN_UNGUARDED_AVAILABILITY = YES_AGGRESSIVE;
				CLANG_WARN_UNREACHABLE_CODE = YES;
				CLANG_WARN__DUPLICATE_METHOD_MATCH = YES;
				CODE_SIGN_IDENTITY = "iPhone Developer";
				COPY_PHASE_STRIP = NO;
				DEBUG_INFORMATION_FORMAT = dwarf;
				ENABLE_STRICT_OBJC_MSGSEND = YES;
				ENABLE_TESTABILITY = YES;
				GCC_C_LANGUAGE_STANDARD = gnu11;
				GCC_DYNAMIC_NO_PIC = NO;
				GCC_NO_COMMON_BLOCKS = YES;
				GCC_OPTIMIZATION_LEVEL = 0;
				GCC_PREPROCESSOR_DEFINITIONS = (
					"DEBUG=1",
					"$(inherited)",
				);
				GCC_WARN_64_TO_32_BIT_CONVERSION = YES;
				GCC_WARN_ABOUT_RETURN_TYPE = YES_ERROR;
				GCC_WARN_UNDECLARED_SELECTOR = YES;
				GCC_WARN_UNINITIALIZED_AUTOS = YES_AGGRESSIVE;
				GCC_WARN_UNUSED_FUNCTION = YES;
				GCC_WARN_UNUSED_VARIABLE = YES;
				IPHONEOS_DEPLOYMENT_TARGET = 12.1;
				MTL_ENABLE_DEBUG_INFO = INCLUDE_SOURCE;
				MTL_FAST_MATH = YES;
				ONLY_ACTIVE_ARCH = YES;
				SDKROOT = iphoneos;
			};
			name = Debug;
		};
		3165F1C3223B794D00B6AF2C /* Release */ = {
			isa = XCBuildConfiguration;
			buildSettings = {
				ALWAYS_SEARCH_USER_PATHS = NO;
				CLANG_ANALYZER_NONNULL = YES;
				CLANG_ANALYZER_NUMBER_OBJECT_CONVERSION = YES_AGGRESSIVE;
				CLANG_CXX_LANGUAGE_STANDARD = "gnu++14";
				CLANG_CXX_LIBRARY = "libc++";
				CLANG_ENABLE_MODULES = YES;
				CLANG_ENABLE_OBJC_ARC = YES;
				CLANG_ENABLE_OBJC_WEAK = YES;
				CLANG_WARN_BLOCK_CAPTURE_AUTORELEASING = YES;
				CLANG_WARN_BOOL_CONVERSION = YES;
				CLANG_WARN_COMMA = YES;
				CLANG_WARN_CONSTANT_CONVERSION = YES;
				CLANG_WARN_DEPRECATED_OBJC_IMPLEMENTATIONS = YES;
				CLANG_WARN_DIRECT_OBJC_ISA_USAGE = YES_ERROR;
				CLANG_WARN_DOCUMENTATION_COMMENTS = YES;
				CLANG_WARN_EMPTY_BODY = YES;
				CLANG_WARN_ENUM_CONVERSION = YES;
				CLANG_WARN_INFINITE_RECURSION = YES;
				CLANG_WARN_INT_CONVERSION = YES;
				CLANG_WARN_NON_LITERAL_NULL_CONVERSION = YES;
				CLANG_WARN_OBJC_IMPLICIT_RETAIN_SELF = YES;
				CLANG_WARN_OBJC_LITERAL_CONVERSION = YES;
				CLANG_WARN_OBJC_ROOT_CLASS = YES_ERROR;
				CLANG_WARN_RANGE_LOOP_ANALYSIS = YES;
				CLANG_WARN_STRICT_PROTOTYPES = YES;
				CLANG_WARN_SUSPICIOUS_MOVE = YES;
				CLANG_WARN_UNGUARDED_AVAILABILITY = YES_AGGRESSIVE;
				CLANG_WARN_UNREACHABLE_CODE = YES;
				CLANG_WARN__DUPLICATE_METHOD_MATCH = YES;
				CODE_SIGN_IDENTITY = "iPhone Developer";
				COPY_PHASE_STRIP = NO;
				DEBUG_INFORMATION_FORMAT = "dwarf-with-dsym";
				ENABLE_NS_ASSERTIONS = NO;
				ENABLE_STRICT_OBJC_MSGSEND = YES;
				GCC_C_LANGUAGE_STANDARD = gnu11;
				GCC_NO_COMMON_BLOCKS = YES;
				GCC_WARN_64_TO_32_BIT_CONVERSION = YES;
				GCC_WARN_ABOUT_RETURN_TYPE = YES_ERROR;
				GCC_WARN_UNDECLARED_SELECTOR = YES;
				GCC_WARN_UNINITIALIZED_AUTOS = YES_AGGRESSIVE;
				GCC_WARN_UNUSED_FUNCTION = YES;
				GCC_WARN_UNUSED_VARIABLE = YES;
				IPHONEOS_DEPLOYMENT_TARGET = 12.1;
				MTL_ENABLE_DEBUG_INFO = NO;
				MTL_FAST_MATH = YES;
				SDKROOT = iphoneos;
				VALIDATE_PRODUCT = YES;
			};
			name = Release;
		};
		3165F1C5223B794D00B6AF2C /* Debug */ = {
			isa = XCBuildConfiguration;
			buildSettings = {
				ASSETCATALOG_COMPILER_APPICON_NAME = AppIcon;
				CODE_SIGN_STYLE = Automatic;
				DEVELOPMENT_TEAM = 423Z88A982;
				GCC_PRECOMPILE_PREFIX_HEADER = NO;
				GCC_PREFIX_HEADER = "/Users/franky/Desktop/DesignPattern/05抽象工厂/AbstractFactory/AbstractFactory/PrefixHeader.pch";
				INFOPLIST_FILE = AbstractFactory/Info.plist;
				LD_RUNPATH_SEARCH_PATHS = (
					"$(inherited)",
					"@executable_path/Frameworks",
				);
				PRODUCT_BUNDLE_IDENTIFIER = io.github.masterking.AbstractFactory;
				PRODUCT_NAME = "$(TARGET_NAME)";
				TARGETED_DEVICE_FAMILY = "1,2";
			};
			name = Debug;
		};
		3165F1C6223B794D00B6AF2C /* Release */ = {
			isa = XCBuildConfiguration;
			buildSettings = {
				ASSETCATALOG_COMPILER_APPICON_NAME = AppIcon;
				CODE_SIGN_STYLE = Automatic;
				DEVELOPMENT_TEAM = 423Z88A982;
				GCC_PRECOMPILE_PREFIX_HEADER = NO;
				GCC_PREFIX_HEADER = "/Users/franky/Desktop/DesignPattern/05抽象工厂/AbstractFactory/AbstractFactory/PrefixHeader.pch";
				INFOPLIST_FILE = AbstractFactory/Info.plist;
				LD_RUNPATH_SEARCH_PATHS = (
					"$(inherited)",
					"@executable_path/Frameworks",
				);
				PRODUCT_BUNDLE_IDENTIFIER = io.github.masterking.AbstractFactory;
				PRODUCT_NAME = "$(TARGET_NAME)";
				TARGETED_DEVICE_FAMILY = "1,2";
			};
			name = Release;
		};
/* End XCBuildConfiguration section */

/* Begin XCConfigurationList section */
		3165F1A9223B794D00B6AF2C /* Build configuration list for PBXProject "AbstractFactory" */ = {
			isa = XCConfigurationList;
			buildConfigurations = (
				3165F1C2223B794D00B6AF2C /* Debug */,
				3165F1C3223B794D00B6AF2C /* Release */,
			);
			defaultConfigurationIsVisible = 0;
			defaultConfigurationName = Release;
		};
		3165F1C4223B794D00B6AF2C /* Build configuration list for PBXNativeTarget "AbstractFactory" */ = {
			isa = XCConfigurationList;
			buildConfigurations = (
				3165F1C5223B794D00B6AF2C /* Debug */,
				3165F1C6223B794D00B6AF2C /* Release */,
			);
			defaultConfigurationIsVisible = 0;
			defaultConfigurationName = Release;
		};
/* End XCConfigurationList section */
	};
	rootObject = 3165F1A6223B794D00B6AF2C /* Project object */;
}
