// !$*UTF8*$!
{
	archiveVersion = 1;
	classes = {
	};
	objectVersion = 50;
	objects = {

/* Begin PBXBuildFile section */
		317501342254910400CD0800 /* AppDelegate.m in Sources */ = {isa = PBXBuildFile; fileRef = 317501332254910400CD0800 /* AppDelegate.m */; };
		317501372254910400CD0800 /* ViewController.m in Sources */ = {isa = PBXBuildFile; fileRef = 317501362254910400CD0800 /* ViewController.m */; };
		3175013A2254910400CD0800 /* Main.storyboard in Resources */ = {isa = PBXBuildFile; fileRef = 317501382254910400CD0800 /* Main.storyboard */; };
		3175013C2254910400CD0800 /* Assets.xcassets in Resources */ = {isa = PBXBuildFile; fileRef = 3175013B2254910400CD0800 /* Assets.xcassets */; };
		3175013F2254910500CD0800 /* LaunchScreen.storyboard in Resources */ = {isa = PBXBuildFile; fileRef = 3175013D2254910500CD0800 /* LaunchScreen.storyboard */; };
		317501422254910500CD0800 /* main.m in Sources */ = {isa = PBXBuildFile; fileRef = 317501412254910500CD0800 /* main.m */; };
		317D427B2254BF1A00BBD639 /* Vertex.m in Sources */ = {isa = PBXBuildFile; fileRef = 317D427A2254BF1A00BBD639 /* Vertex.m */; };
		319386A62255B46B005B8A35 /* Dot.m in Sources */ = {isa = PBXBuildFile; fileRef = 319386A52255B46B005B8A35 /* Dot.m */; };
		319386A92255B53D005B8A35 /* Stroke.m in Sources */ = {isa = PBXBuildFile; fileRef = 319386A82255B53D005B8A35 /* Stroke.m */; };
/* End PBXBuildFile section */

/* Begin PBXFileReference section */
		3175012F2254910400CD0800 /* Composite.app */ = {isa = PBXFileReference; explicitFileType = wrapper.application; includeInIndex = 0; path = Composite.app; sourceTree = BUILT_PRODUCTS_DIR; };
		317501322254910400CD0800 /* AppDelegate.h */ = {isa = PBXFileReference; lastKnownFileType = sourcecode.c.h; path = AppDelegate.h; sourceTree = "<group>"; };
		317501332254910400CD0800 /* AppDelegate.m */ = {isa = PBXFileReference; lastKnownFileType = sourcecode.c.objc; path = AppDelegate.m; sourceTree = "<group>"; };
		317501352254910400CD0800 /* ViewController.h */ = {isa = PBXFileReference; lastKnownFileType = sourcecode.c.h; path = ViewController.h; sourceTree = "<group>"; };
		317501362254910400CD0800 /* ViewController.m */ = {isa = PBXFileReference; lastKnownFileType = sourcecode.c.objc; path = ViewController.m; sourceTree = "<group>"; };
		317501392254910400CD0800 /* Base */ = {isa = PBXFileReference; lastKnownFileType = file.storyboard; name = Base; path = Base.lproj/Main.storyboard; sourceTree = "<group>"; };
		3175013B2254910400CD0800 /* Assets.xcassets */ = {isa = PBXFileReference; lastKnownFileType = folder.assetcatalog; path = Assets.xcassets; sourceTree = "<group>"; };
		3175013E2254910500CD0800 /* Base */ = {isa = PBXFileReference; lastKnownFileType = file.storyboard; name = Base; path = Base.lproj/LaunchScreen.storyboard; sourceTree = "<group>"; };
		317501402254910500CD0800 /* Info.plist */ = {isa = PBXFileReference; lastKnownFileType = text.plist.xml; path = Info.plist; sourceTree = "<group>"; };
		317501412254910500CD0800 /* main.m */ = {isa = PBXFileReference; lastKnownFileType = sourcecode.c.objc; path = main.m; sourceTree = "<group>"; };
		31750148225499A500CD0800 /* Mark.h */ = {isa = PBXFileReference; lastKnownFileType = sourcecode.c.h; path = Mark.h; sourceTree = "<group>"; };
		317D42792254BF1A00BBD639 /* Vertex.h */ = {isa = PBXFileReference; lastKnownFileType = sourcecode.c.h; path = Vertex.h; sourceTree = "<group>"; };
		317D427A2254BF1A00BBD639 /* Vertex.m */ = {isa = PBXFileReference; lastKnownFileType = sourcecode.c.objc; path = Vertex.m; sourceTree = "<group>"; };
		319386A42255B46B005B8A35 /* Dot.h */ = {isa = PBXFileReference; lastKnownFileType = sourcecode.c.h; path = Dot.h; sourceTree = "<group>"; };
		319386A52255B46B005B8A35 /* Dot.m */ = {isa = PBXFileReference; lastKnownFileType = sourcecode.c.objc; path = Dot.m; sourceTree = "<group>"; };
		319386A72255B53D005B8A35 /* Stroke.h */ = {isa = PBXFileReference; lastKnownFileType = sourcecode.c.h; path = Stroke.h; sourceTree = "<group>"; };
		319386A82255B53D005B8A35 /* Stroke.m */ = {isa = PBXFileReference; lastKnownFileType = sourcecode.c.objc; path = Stroke.m; sourceTree = "<group>"; };
/* End PBXFileReference section */

/* Begin PBXFrameworksBuildPhase section */
		3175012C2254910400CD0800 /* Frameworks */ = {
			isa = PBXFrameworksBuildPhase;
			buildActionMask = 2147483647;
			files = (
			);
			runOnlyForDeploymentPostprocessing = 0;
		};
/* End PBXFrameworksBuildPhase section */

/* Begin PBXGroup section */
		317501262254910400CD0800 = {
			isa = PBXGroup;
			children = (
				317501312254910400CD0800 /* Composite */,
				317501302254910400CD0800 /* Products */,
			);
			sourceTree = "<group>";
		};
		317501302254910400CD0800 /* Products */ = {
			isa = PBXGroup;
			children = (
				3175012F2254910400CD0800 /* Composite.app */,
			);
			name = Products;
			sourceTree = "<group>";
		};
		317501312254910400CD0800 /* Composite */ = {
			isa = PBXGroup;
			children = (
				317501322254910400CD0800 /* AppDelegate.h */,
				317501332254910400CD0800 /* AppDelegate.m */,
				317501352254910400CD0800 /* ViewController.h */,
				317501362254910400CD0800 /* ViewController.m */,
				317501382254910400CD0800 /* Main.storyboard */,
				3175013B2254910400CD0800 /* Assets.xcassets */,
				3175013D2254910500CD0800 /* LaunchScreen.storyboard */,
				317501402254910500CD0800 /* Info.plist */,
				317501412254910500CD0800 /* main.m */,
				31750148225499A500CD0800 /* Mark.h */,
				317D42792254BF1A00BBD639 /* Vertex.h */,
				317D427A2254BF1A00BBD639 /* Vertex.m */,
				319386A42255B46B005B8A35 /* Dot.h */,
				319386A52255B46B005B8A35 /* Dot.m */,
				319386A72255B53D005B8A35 /* Stroke.h */,
				319386A82255B53D005B8A35 /* Stroke.m */,
			);
			path = Composite;
			sourceTree = "<group>";
		};
/* End PBXGroup section */

/* Begin PBXNativeTarget section */
		3175012E2254910400CD0800 /* Composite */ = {
			isa = PBXNativeTarget;
			buildConfigurationList = 317501452254910500CD0800 /* Build configuration list for PBXNativeTarget "Composite" */;
			buildPhases = (
				3175012B2254910400CD0800 /* Sources */,
				3175012C2254910400CD0800 /* Frameworks */,
				3175012D2254910400CD0800 /* Resources */,
			);
			buildRules = (
			);
			dependencies = (
			);
			name = Composite;
			productName = Composite;
			productReference = 3175012F2254910400CD0800 /* Composite.app */;
			productType = "com.apple.product-type.application";
		};
/* End PBXNativeTarget section */

/* Begin PBXProject section */
		317501272254910400CD0800 /* Project object */ = {
			isa = PBXProject;
			attributes = {
				LastUpgradeCheck = 1020;
				ORGANIZATIONNAME = Franky;
				TargetAttributes = {
					3175012E2254910400CD0800 = {
						CreatedOnToolsVersion = 10.2;
					};
				};
			};
			buildConfigurationList = 3175012A2254910400CD0800 /* Build configuration list for PBXProject "Composite" */;
			compatibilityVersion = "Xcode 9.3";
			developmentRegion = en;
			hasScannedForEncodings = 0;
			knownRegions = (
				en,
				Base,
			);
			mainGroup = 317501262254910400CD0800;
			productRefGroup = 317501302254910400CD0800 /* Products */;
			projectDirPath = "";
			projectRoot = "";
			targets = (
				3175012E2254910400CD0800 /* Composite */,
			);
		};
/* End PBXProject section */

/* Begin PBXResourcesBuildPhase section */
		3175012D2254910400CD0800 /* Resources */ = {
			isa = PBXResourcesBuildPhase;
			buildActionMask = 2147483647;
			files = (
				3175013F2254910500CD0800 /* LaunchScreen.storyboard in Resources */,
				3175013C2254910400CD0800 /* Assets.xcassets in Resources */,
				3175013A2254910400CD0800 /* Main.storyboard in Resources */,
			);
			runOnlyForDeploymentPostprocessing = 0;
		};
/* End PBXResourcesBuildPhase section */

/* Begin PBXSourcesBuildPhase section */
		3175012B2254910400CD0800 /* Sources */ = {
			isa = PBXSourcesBuildPhase;
			buildActionMask = 2147483647;
			files = (
				317501372254910400CD0800 /* ViewController.m in Sources */,
				317D427B2254BF1A00BBD639 /* Vertex.m in Sources */,
				317501422254910500CD0800 /* main.m in Sources */,
				319386A62255B46B005B8A35 /* Dot.m in Sources */,
				317501342254910400CD0800 /* AppDelegate.m in Sources */,
				319386A92255B53D005B8A35 /* Stroke.m in Sources */,
			);
			runOnlyForDeploymentPostprocessing = 0;
		};
/* End PBXSourcesBuildPhase section */

/* Begin PBXVariantGroup section */
		317501382254910400CD0800 /* Main.storyboard */ = {
			isa = PBXVariantGroup;
			children = (
				317501392254910400CD0800 /* Base */,
			);
			name = Main.storyboard;
			sourceTree = "<group>";
		};
		3175013D2254910500CD0800 /* LaunchScreen.storyboard */ = {
			isa = PBXVariantGroup;
			children = (
				3175013E2254910500CD0800 /* Base */,
			);
			name = LaunchScreen.storyboard;
			sourceTree = "<group>";
		};
/* End PBXVariantGroup section */

/* Begin XCBuildConfiguration section */
		317501432254910500CD0800 /* Debug */ = {
			isa = XCBuildConfiguration;
			buildSettings = {
				ALWAYS_SEARCH_USER_PATHS = NO;
				CLANG_ANALYZER_NONNULL = YES;
				CLANG_ANALYZER_NUMBER_OBJECT_CONVERSION = YES_AGGRESSIVE;
				CLANG_CXX_LANGUAGE_STANDARD = "gnu++14";
				CLANG_CXX_LIBRARY = "libc++";
				CLANG_ENABLE_MODULES = YES;
				CLANG_ENABLE_OBJC_ARC = YES;
				CLANG_ENABLE_OBJC_WEAK = YES;
				CLANG_WARN_BLOCK_CAPTURE_AUTORELEASING = YES;
				CLANG_WARN_BOOL_CONVERSION = YES;
				CLANG_WARN_COMMA = YES;
				CLANG_WARN_CONSTANT_CONVERSION = YES;
				CLANG_WARN_DEPRECATED_OBJC_IMPLEMENTATIONS = YES;
				CLANG_WARN_DIRECT_OBJC_ISA_USAGE = YES_ERROR;
				CLANG_WARN_DOCUMENTATION_COMMENTS = YES;
				CLANG_WARN_EMPTY_BODY = YES;
				CLANG_WARN_ENUM_CONVERSION = YES;
				CLANG_WARN_INFINITE_RECURSION = YES;
				CLANG_WARN_INT_CONVERSION = YES;
				CLANG_WARN_NON_LITERAL_NULL_CONVERSION = YES;
				CLANG_WARN_OBJC_IMPLICIT_RETAIN_SELF = YES;
				CLANG_WARN_OBJC_LITERAL_CONVERSION = YES;
				CLANG_WARN_OBJC_ROOT_CLASS = YES_ERROR;
				CLANG_WARN_RANGE_LOOP_ANALYSIS = YES;
				CLANG_WARN_STRICT_PROTOTYPES = YES;
				CLANG_WARN_SUSPICIOUS_MOVE = YES;
				CLANG_WARN_UNGUARDED_AVAILABILITY = YES_AGGRESSIVE;
				CLANG_WARN_UNREACHABLE_CODE = YES;
				CLANG_WARN__DUPLICATE_METHOD_MATCH = YES;
				CODE_SIGN_IDENTITY = "iPhone Developer";
				COPY_PHASE_STRIP = NO;
				DEBUG_INFORMATION_FORMAT = dwarf;
				ENABLE_STRICT_OBJC_MSGSEND = YES;
				ENABLE_TESTABILITY = YES;
				GCC_C_LANGUAGE_STANDARD = gnu11;
				GCC_DYNAMIC_NO_PIC = NO;
				GCC_NO_COMMON_BLOCKS = YES;
				GCC_OPTIMIZATION_LEVEL = 0;
				GCC_PREPROCESSOR_DEFINITIONS = (
					"DEBUG=1",
					"$(inherited)",
				);
				GCC_WARN_64_TO_32_BIT_CONVERSION = YES;
				GCC_WARN_ABOUT_RETURN_TYPE = YES_ERROR;
				GCC_WARN_UNDECLARED_SELECTOR = YES;
				GCC_WARN_UNINITIALIZED_AUTOS = YES_AGGRESSIVE;
				GCC_WARN_UNUSED_FUNCTION = YES;
				GCC_WARN_UNUSED_VARIABLE = YES;
				IPHONEOS_DEPLOYMENT_TARGET = 12.2;
				MTL_ENABLE_DEBUG_INFO = INCLUDE_SOURCE;
				MTL_FAST_MATH = YES;
				ONLY_ACTIVE_ARCH = YES;
				SDKROOT = iphoneos;
			};
			name = Debug;
		};
		317501442254910500CD0800 /* Release */ = {
			isa = XCBuildConfiguration;
			buildSettings = {
				ALWAYS_SEARCH_USER_PATHS = NO;
				CLANG_ANALYZER_NONNULL = YES;
				CLANG_ANALYZER_NUMBER_OBJECT_CONVERSION = YES_AGGRESSIVE;
				CLANG_CXX_LANGUAGE_STANDARD = "gnu++14";
				CLANG_CXX_LIBRARY = "libc++";
				CLANG_ENABLE_MODULES = YES;
				CLANG_ENABLE_OBJC_ARC = YES;
				CLANG_ENABLE_OBJC_WEAK = YES;
				CLANG_WARN_BLOCK_CAPTURE_AUTORELEASING = YES;
				CLANG_WARN_BOOL_CONVERSION = YES;
				CLANG_WARN_COMMA = YES;
				CLANG_WARN_CONSTANT_CONVERSION = YES;
				CLANG_WARN_DEPRECATED_OBJC_IMPLEMENTATIONS = YES;
				CLANG_WARN_DIRECT_OBJC_ISA_USAGE = YES_ERROR;
				CLANG_WARN_DOCUMENTATION_COMMENTS = YES;
				CLANG_WARN_EMPTY_BODY = YES;
				CLANG_WARN_ENUM_CONVERSION = YES;
				CLANG_WARN_INFINITE_RECURSION = YES;
				CLANG_WARN_INT_CONVERSION = YES;
				CLANG_WARN_NON_LITERAL_NULL_CONVERSION = YES;
				CLANG_WARN_OBJC_IMPLICIT_RETAIN_SELF = YES;
				CLANG_WARN_OBJC_LITERAL_CONVERSION = YES;
				CLANG_WARN_OBJC_ROOT_CLASS = YES_ERROR;
				CLANG_WARN_RANGE_LOOP_ANALYSIS = YES;
				CLANG_WARN_STRICT_PROTOTYPES = YES;
				CLANG_WARN_SUSPICIOUS_MOVE = YES;
				CLANG_WARN_UNGUARDED_AVAILABILITY = YES_AGGRESSIVE;
				CLANG_WARN_UNREACHABLE_CODE = YES;
				CLANG_WARN__DUPLICATE_METHOD_MATCH = YES;
				CODE_SIGN_IDENTITY = "iPhone Developer";
				COPY_PHASE_STRIP = NO;
				DEBUG_INFORMATION_FORMAT = "dwarf-with-dsym";
				ENABLE_NS_ASSERTIONS = NO;
				ENABLE_STRICT_OBJC_MSGSEND = YES;
				GCC_C_LANGUAGE_STANDARD = gnu11;
				GCC_NO_COMMON_BLOCKS = YES;
				GCC_WARN_64_TO_32_BIT_CONVERSION = YES;
				GCC_WARN_ABOUT_RETURN_TYPE = YES_ERROR;
				GCC_WARN_UNDECLARED_SELECTOR = YES;
				GCC_WARN_UNINITIALIZED_AUTOS = YES_AGGRESSIVE;
				GCC_WARN_UNUSED_FUNCTION = YES;
				GCC_WARN_UNUSED_VARIABLE = YES;
				IPHONEOS_DEPLOYMENT_TARGET = 12.2;
				MTL_ENABLE_DEBUG_INFO = NO;
				MTL_FAST_MATH = YES;
				SDKROOT = iphoneos;
				VALIDATE_PRODUCT = YES;
			};
			name = Release;
		};
		317501462254910500CD0800 /* Debug */ = {
			isa = XCBuildConfiguration;
			buildSettings = {
				ASSETCATALOG_COMPILER_APPICON_NAME = AppIcon;
				CODE_SIGN_STYLE = Automatic;
				DEVELOPMENT_TEAM = 423Z88A982;
				INFOPLIST_FILE = Composite/Info.plist;
				LD_RUNPATH_SEARCH_PATHS = (
					"$(inherited)",
					"@executable_path/Frameworks",
				);
				PRODUCT_BUNDLE_IDENTIFIER = io.github.masterking.Composite;
				PRODUCT_NAME = "$(TARGET_NAME)";
				TARGETED_DEVICE_FAMILY = "1,2";
			};
			name = Debug;
		};
		317501472254910500CD0800 /* Release */ = {
			isa = XCBuildConfiguration;
			buildSettings = {
				ASSETCATALOG_COMPILER_APPICON_NAME = AppIcon;
				CODE_SIGN_STYLE = Automatic;
				DEVELOPMENT_TEAM = 423Z88A982;
				INFOPLIST_FILE = Composite/Info.plist;
				LD_RUNPATH_SEARCH_PATHS = (
					"$(inherited)",
					"@executable_path/Frameworks",
				);
				PRODUCT_BUNDLE_IDENTIFIER = io.github.masterking.Composite;
				PRODUCT_NAME = "$(TARGET_NAME)";
				TARGETED_DEVICE_FAMILY = "1,2";
			};
			name = Release;
		};
/* End XCBuildConfiguration section */

/* Begin XCConfigurationList section */
		3175012A2254910400CD0800 /* Build configuration list for PBXProject "Composite" */ = {
			isa = XCConfigurationList;
			buildConfigurations = (
				317501432254910500CD0800 /* Debug */,
				317501442254910500CD0800 /* Release */,
			);
			defaultConfigurationIsVisible = 0;
			defaultConfigurationName = Release;
		};
		317501452254910500CD0800 /* Build configuration list for PBXNativeTarget "Composite" */ = {
			isa = XCConfigurationList;
			buildConfigurations = (
				317501462254910500CD0800 /* Debug */,
				317501472254910500CD0800 /* Release */,
			);
			defaultConfigurationIsVisible = 0;
			defaultConfigurationName = Release;
		};
/* End XCConfigurationList section */
	};
	rootObject = 317501272254910400CD0800 /* Project object */;
}
